
Microsoft Visual Studio Solution File, Format Version 12.00
# Visual Studio Version 16
VisualStudioVersion = 16.0.30907.101
MinimumVisualStudioVersion = 10.0.40219.1
Project("{FAE04EC0-301F-11D3-BF4B-00C04F79EFBC}") = "WebApplication4", "WebApplication4\WebApplication4.csproj", "{8AF895AB-2AEA-4474-AA33-6A980A5AF581}"
EndProject
Global
	GlobalSection(SolutionConfigurationPlatforms) = preSolution
		Debug|Any CPU = Debug|Any CPU
		Release|Any CPU = Release|Any CPU
	EndGlobalSection
	GlobalSection(ProjectConfigurationPlatforms) = postSolution
		{8AF895AB-2AEA-4474-AA33-6A980A5AF581}.Debug|Any CPU.ActiveCfg = Debug|Any CPU
		{8AF895AB-2AEA-4474-AA33-6A980A5AF581}.Debug|Any CPU.Build.0 = Debug|Any CPU
		{8AF895AB-2AEA-4474-AA33-6A980A5AF581}.Release|Any CPU.ActiveCfg = Release|Any CPU
		{8AF895AB-2AEA-4474-AA33-6A980A5AF581}.Release|Any CPU.Build.0 = Release|Any CPU
	EndGlobalSection
	GlobalSection(SolutionProperties) = preSolution
		HideSolutionNode = FALSE
	EndGlobalSection
	GlobalSection(ExtensibilityGlobals) = postSolution
		SolutionGuid = {8EDBDED8-A493-4180-890D-B55B1F3E2F13}
	EndGlobalSection
EndGlobal
